
Microsoft Visual Studio Solution File, Format Version 12.00
# Visual Studio Version 16
VisualStudioVersion = 16.0.29418.71
MinimumVisualStudioVersion = 10.0.40219.1
Project("{FAE04EC0-301F-11D3-BF4B-00C04F79EFBC}") = "Contracts", "Contracts\Contracts.csproj", "{7D99A835-3010-4007-9D0D-168743FE8C0F}"
EndProject
Project("{FAE04EC0-301F-11D3-BF4B-00C04F79EFBC}") = "LoggerService", "LoggerService\LoggerService.csproj", "{EA9B6470-78BB-4BF9-A15B-4FEE6D782B69}"
EndProject
Project("{FAE04EC0-301F-11D3-BF4B-00C04F79EFBC}") = "AccountOwnerServer", "AccountOwnerServer\AccountOwnerServer.csproj", "{AFD61876-BF41-438F-BF0B-6BA75A0F1BCD}"
EndProject
Project("{FAE04EC0-301F-11D3-BF4B-00C04F79EFBC}") = "Entities", "Entities\Entities.csproj", "{87F8AF5E-842E-486A-88DB-A00DBA676C9E}"
EndProject
Project("{FAE04EC0-301F-11D3-BF4B-00C04F79EFBC}") = "Repository", "Repository\Repository.csproj", "{18878F64-9E0B-441A-BE0E-66C59155578D}"
EndProject
Global
	GlobalSection(SolutionConfigurationPlatforms) = preSolution
		Debug|Any CPU = Debug|Any CPU
		Release|Any CPU = Release|Any CPU
	EndGlobalSection
	GlobalSection(ProjectConfigurationPlatforms) = postSolution
		{7D99A835-3010-4007-9D0D-168743FE8C0F}.Debug|Any CPU.ActiveCfg = Debug|Any CPU
		{7D99A835-3010-4007-9D0D-168743FE8C0F}.Debug|Any CPU.Build.0 = Debug|Any CPU
		{7D99A835-3010-4007-9D0D-168743FE8C0F}.Release|Any CPU.ActiveCfg = Release|Any CPU
		{7D99A835-3010-4007-9D0D-168743FE8C0F}.Release|Any CPU.Build.0 = Release|Any CPU
		{EA9B6470-78BB-4BF9-A15B-4FEE6D782B69}.Debug|Any CPU.ActiveCfg = Debug|Any CPU
		{EA9B6470-78BB-4BF9-A15B-4FEE6D782B69}.Debug|Any CPU.Build.0 = Debug|Any CPU
		{EA9B6470-78BB-4BF9-A15B-4FEE6D782B69}.Release|Any CPU.ActiveCfg = Release|Any CPU
		{EA9B6470-78BB-4BF9-A15B-4FEE6D782B69}.Release|Any CPU.Build.0 = Release|Any CPU
		{AFD61876-BF41-438F-BF0B-6BA75A0F1BCD}.Debug|Any CPU.ActiveCfg = Debug|Any CPU
		{AFD61876-BF41-438F-BF0B-6BA75A0F1BCD}.Debug|Any CPU.Build.0 = Debug|Any CPU
		{AFD61876-BF41-438F-BF0B-6BA75A0F1BCD}.Release|Any CPU.ActiveCfg = Release|Any CPU
		{AFD61876-BF41-438F-BF0B-6BA75A0F1BCD}.Release|Any CPU.Build.0 = Release|Any CPU
		{87F8AF5E-842E-486A-88DB-A00DBA676C9E}.Debug|Any CPU.ActiveCfg = Debug|Any CPU
		{87F8AF5E-842E-486A-88DB-A00DBA676C9E}.Debug|Any CPU.Build.0 = Debug|Any CPU
		{87F8AF5E-842E-486A-88DB-A00DBA676C9E}.Release|Any CPU.ActiveCfg = Release|Any CPU
		{87F8AF5E-842E-486A-88DB-A00DBA676C9E}.Release|Any CPU.Build.0 = Release|Any CPU
		{18878F64-9E0B-441A-BE0E-66C59155578D}.Debug|Any CPU.ActiveCfg = Debug|Any CPU
		{18878F64-9E0B-441A-BE0E-66C59155578D}.Debug|Any CPU.Build.0 = Debug|Any CPU
		{18878F64-9E0B-441A-BE0E-66C59155578D}.Release|Any CPU.ActiveCfg = Release|Any CPU
		{18878F64-9E0B-441A-BE0E-66C59155578D}.Release|Any CPU.Build.0 = Release|Any CPU
	EndGlobalSection
	GlobalSection(SolutionProperties) = preSolution
		HideSolutionNode = FALSE
	EndGlobalSection
	GlobalSection(ExtensibilityGlobals) = postSolution
		SolutionGuid = {DA36343F-8D3E-49C0-A89C-67810234D5CE}
	EndGlobalSection
EndGlobal
